
Microsoft Visual Studio Solution File, Format Version 12.00
# Visual Studio Version 17
VisualStudioVersion = 17.14.36603.0
MinimumVisualStudioVersion = 10.0.40219.1
Project("{FAE04EC0-301F-11D3-BF4B-00C04F79EFBC}") = "AdoRadiator", "AdoRadiator\AdoRadiator.csproj", "{42482DC8-B7B3-4336-B5AC-8E39C85BC17D}"
EndProject
Project("{FAE04EC0-301F-11D3-BF4B-00C04F79EFBC}") = "AdoRadiator.Core", "AdoRadiator.Core\AdoRadiator.Core.csproj", "{7E1BBC9B-1F23-49E9-9DF2-1407D802BF58}"
EndProject
Project("{FAE04EC0-301F-11D3-BF4B-00C04F79EFBC}") = "AdoRadiator.Host", "AdoRadiator.Host\AdoRadiator.Host.csproj", "{22A9D2C6-4608-46BE-BE0E-8F5B281CA0DA}"
EndProject
Global
	GlobalSection(SolutionConfigurationPlatforms) = preSolution
		Debug|Any CPU = Debug|Any CPU
		Release|Any CPU = Release|Any CPU
	EndGlobalSection
	GlobalSection(ProjectConfigurationPlatforms) = postSolution
		{42482DC8-B7B3-4336-B5AC-8E39C85BC17D}.Debug|Any CPU.ActiveCfg = Debug|Any CPU
		{42482DC8-B7B3-4336-B5AC-8E39C85BC17D}.Debug|Any CPU.Build.0 = Debug|Any CPU
		{42482DC8-B7B3-4336-B5AC-8E39C85BC17D}.Release|Any CPU.ActiveCfg = Release|Any CPU
		{42482DC8-B7B3-4336-B5AC-8E39C85BC17D}.Release|Any CPU.Build.0 = Release|Any CPU
		{7E1BBC9B-1F23-49E9-9DF2-1407D802BF58}.Debug|Any CPU.ActiveCfg = Debug|Any CPU
		{7E1BBC9B-1F23-49E9-9DF2-1407D802BF58}.Debug|Any CPU.Build.0 = Debug|Any CPU
		{7E1BBC9B-1F23-49E9-9DF2-1407D802BF58}.Release|Any CPU.ActiveCfg = Release|Any CPU
		{7E1BBC9B-1F23-49E9-9DF2-1407D802BF58}.Release|Any CPU.Build.0 = Release|Any CPU
		{22A9D2C6-4608-46BE-BE0E-8F5B281CA0DA}.Debug|Any CPU.ActiveCfg = Debug|Any CPU
		{22A9D2C6-4608-46BE-BE0E-8F5B281CA0DA}.Debug|Any CPU.Build.0 = Debug|Any CPU
		{22A9D2C6-4608-46BE-BE0E-8F5B281CA0DA}.Release|Any CPU.ActiveCfg = Release|Any CPU
		{22A9D2C6-4608-46BE-BE0E-8F5B281CA0DA}.Release|Any CPU.Build.0 = Release|Any CPU
	EndGlobalSection
	GlobalSection(SolutionProperties) = preSolution
		HideSolutionNode = FALSE
	EndGlobalSection
	GlobalSection(ExtensibilityGlobals) = postSolution
		SolutionGuid = {A304B0B6-542B-46E5-A11F-5E99CF682819}
	EndGlobalSection
EndGlobal
